// !$*UTF8*$!
{
	archiveVersion = 1;
	classes = {
	};
	objectVersion = 55;
	objects = {

/* Begin PBXBuildFile section */
		C43EB6E628B0037B00C0E8F2 /* OnboardingContainerViewController.swift in Sources */ = {isa = PBXBuildFile; fileRef = C43EB6E528B0037B00C0E8F2 /* OnboardingContainerViewController.swift */; };
		C43EB6E828B00D7600C0E8F2 /* OnboardingViewController.swift in Sources */ = {isa = PBXBuildFile; fileRef = C43EB6E728B00D7600C0E8F2 /* OnboardingViewController.swift */; };
		C45E0B5F28AEAFB3006087D6 /* AppDelegate.swift in Sources */ = {isa = PBXBuildFile; fileRef = C45E0B5E28AEAFB3006087D6 /* AppDelegate.swift */; };
		C45E0B6328AEAFB3006087D6 /* LoginViewController.swift in Sources */ = {isa = PBXBuildFile; fileRef = C45E0B6228AEAFB3006087D6 /* LoginViewController.swift */; };
		C45E0B6828AEAFB4006087D6 /* Assets.xcassets in Resources */ = {isa = PBXBuildFile; fileRef = C45E0B6728AEAFB4006087D6 /* Assets.xcassets */; };
		C45E0B6B28AEAFB4006087D6 /* LaunchScreen.storyboard in Resources */ = {isa = PBXBuildFile; fileRef = C45E0B6928AEAFB4006087D6 /* LaunchScreen.storyboard */; };
		C45E0B7E28AEB383006087D6 /* LoginView.swift in Sources */ = {isa = PBXBuildFile; fileRef = C45E0B7D28AEB383006087D6 /* LoginView.swift */; };
/* End PBXBuildFile section */

/* Begin PBXFileReference section */
		C43EB6E528B0037B00C0E8F2 /* OnboardingContainerViewController.swift */ = {isa = PBXFileReference; lastKnownFileType = sourcecode.swift; path = OnboardingContainerViewController.swift; sourceTree = "<group>"; };
		C43EB6E728B00D7600C0E8F2 /* OnboardingViewController.swift */ = {isa = PBXFileReference; lastKnownFileType = sourcecode.swift; path = OnboardingViewController.swift; sourceTree = "<group>"; };
		C45E0B5B28AEAFB3006087D6 /* Bankey-Swift.app */ = {isa = PBXFileReference; explicitFileType = wrapper.application; includeInIndex = 0; path = "Bankey-Swift.app"; sourceTree = BUILT_PRODUCTS_DIR; };
		C45E0B5E28AEAFB3006087D6 /* AppDelegate.swift */ = {isa = PBXFileReference; lastKnownFileType = sourcecode.swift; path = AppDelegate.swift; sourceTree = "<group>"; };
		C45E0B6228AEAFB3006087D6 /* LoginViewController.swift */ = {isa = PBXFileReference; lastKnownFileType = sourcecode.swift; path = LoginViewController.swift; sourceTree = "<group>"; };
		C45E0B6728AEAFB4006087D6 /* Assets.xcassets */ = {isa = PBXFileReference; lastKnownFileType = folder.assetcatalog; path = Assets.xcassets; sourceTree = "<group>"; };
		C45E0B6A28AEAFB4006087D6 /* Base */ = {isa = PBXFileReference; lastKnownFileType = file.storyboard; name = Base; path = Base.lproj/LaunchScreen.storyboard; sourceTree = "<group>"; };
		C45E0B6C28AEAFB4006087D6 /* Info.plist */ = {isa = PBXFileReference; lastKnownFileType = text.plist.xml; path = Info.plist; sourceTree = "<group>"; };
		C45E0B7D28AEB383006087D6 /* LoginView.swift */ = {isa = PBXFileReference; lastKnownFileType = sourcecode.swift; path = LoginView.swift; sourceTree = "<group>"; };
/* End PBXFileReference section */

/* Begin PBXFrameworksBuildPhase section */
		C45E0B5828AEAFB3006087D6 /* Frameworks */ = {
			isa = PBXFrameworksBuildPhase;
			buildActionMask = 2147483647;
			files = (
			);
			runOnlyForDeploymentPostprocessing = 0;
		};
/* End PBXFrameworksBuildPhase section */

/* Begin PBXGroup section */
		C43EB6E428B0036000C0E8F2 /* Onboarding */ = {
			isa = PBXGroup;
			children = (
				C43EB6E528B0037B00C0E8F2 /* OnboardingContainerViewController.swift */,
				C43EB6E728B00D7600C0E8F2 /* OnboardingViewController.swift */,
			);
			path = Onboarding;
			sourceTree = "<group>";
		};
		C45E0B5228AEAFB3006087D6 = {
			isa = PBXGroup;
			children = (
				C45E0B5D28AEAFB3006087D6 /* Bankey-Swift */,
				C45E0B5C28AEAFB3006087D6 /* Products */,
			);
			sourceTree = "<group>";
		};
		C45E0B5C28AEAFB3006087D6 /* Products */ = {
			isa = PBXGroup;
			children = (
				C45E0B5B28AEAFB3006087D6 /* Bankey-Swift.app */,
			);
			name = Products;
			sourceTree = "<group>";
		};
		C45E0B5D28AEAFB3006087D6 /* Bankey-Swift */ = {
			isa = PBXGroup;
			children = (
				C45E0B5E28AEAFB3006087D6 /* AppDelegate.swift */,
				C43EB6E428B0036000C0E8F2 /* Onboarding */,
				C45E0B7C28AEB341006087D6 /* Login */,
				C45E0B7228AEB26D006087D6 /* Files */,
			);
			path = "Bankey-Swift";
			sourceTree = "<group>";
		};
		C45E0B7228AEB26D006087D6 /* Files */ = {
			isa = PBXGroup;
			children = (
				C45E0B6928AEAFB4006087D6 /* LaunchScreen.storyboard */,
				C45E0B6728AEAFB4006087D6 /* Assets.xcassets */,
				C45E0B6C28AEAFB4006087D6 /* Info.plist */,
			);
			name = Files;
			sourceTree = "<group>";
		};
		C45E0B7C28AEB341006087D6 /* Login */ = {
			isa = PBXGroup;
			children = (
				C45E0B6228AEAFB3006087D6 /* LoginViewController.swift */,
				C45E0B7D28AEB383006087D6 /* LoginView.swift */,
			);
			path = Login;
			sourceTree = "<group>";
		};
/* End PBXGroup section */

/* Begin PBXNativeTarget section */
		C45E0B5A28AEAFB3006087D6 /* Bankey-Swift */ = {
			isa = PBXNativeTarget;
			buildConfigurationList = C45E0B6F28AEAFB4006087D6 /* Build configuration list for PBXNativeTarget "Bankey-Swift" */;
			buildPhases = (
				C45E0B5728AEAFB3006087D6 /* Sources */,
				C45E0B5828AEAFB3006087D6 /* Frameworks */,
				C45E0B5928AEAFB3006087D6 /* Resources */,
			);
			buildRules = (
			);
			dependencies = (
			);
			name = "Bankey-Swift";
			productName = "Bankey-Swift";
			productReference = C45E0B5B28AEAFB3006087D6 /* Bankey-Swift.app */;
			productType = "com.apple.product-type.application";
		};
/* End PBXNativeTarget section */

/* Begin PBXProject section */
		C45E0B5328AEAFB3006087D6 /* Project object */ = {
			isa = PBXProject;
			attributes = {
				BuildIndependentTargetsInParallel = 1;
				LastSwiftUpdateCheck = 1340;
				LastUpgradeCheck = 1340;
				TargetAttributes = {
					C45E0B5A28AEAFB3006087D6 = {
						CreatedOnToolsVersion = 13.4.1;
					};
				};
			};
			buildConfigurationList = C45E0B5628AEAFB3006087D6 /* Build configuration list for PBXProject "Bankey-Swift" */;
			compatibilityVersion = "Xcode 13.0";
			developmentRegion = en;
			hasScannedForEncodings = 0;
			knownRegions = (
				en,
				Base,
			);
			mainGroup = C45E0B5228AEAFB3006087D6;
			productRefGroup = C45E0B5C28AEAFB3006087D6 /* Products */;
			projectDirPath = "";
			projectRoot = "";
			targets = (
				C45E0B5A28AEAFB3006087D6 /* Bankey-Swift */,
			);
		};
/* End PBXProject section */

/* Begin PBXResourcesBuildPhase section */
		C45E0B5928AEAFB3006087D6 /* Resources */ = {
			isa = PBXResourcesBuildPhase;
			buildActionMask = 2147483647;
			files = (
				C45E0B6B28AEAFB4006087D6 /* LaunchScreen.storyboard in Resources */,
				C45E0B6828AEAFB4006087D6 /* Assets.xcassets in Resources */,
			);
			runOnlyForDeploymentPostprocessing = 0;
		};
/* End PBXResourcesBuildPhase section */

/* Begin PBXSourcesBuildPhase section */
		C45E0B5728AEAFB3006087D6 /* Sources */ = {
			isa = PBXSourcesBuildPhase;
			buildActionMask = 2147483647;
			files = (
				C45E0B7E28AEB383006087D6 /* LoginView.swift in Sources */,
				C45E0B6328AEAFB3006087D6 /* LoginViewController.swift in Sources */,
				C43EB6E828B00D7600C0E8F2 /* OnboardingViewController.swift in Sources */,
				C45E0B5F28AEAFB3006087D6 /* AppDelegate.swift in Sources */,
				C43EB6E628B0037B00C0E8F2 /* OnboardingContainerViewController.swift in Sources */,
			);
			runOnlyForDeploymentPostprocessing = 0;
		};
/* End PBXSourcesBuildPhase section */

/* Begin PBXVariantGroup section */
		C45E0B6928AEAFB4006087D6 /* LaunchScreen.storyboard */ = {
			isa = PBXVariantGroup;
			children = (
				C45E0B6A28AEAFB4006087D6 /* Base */,
			);
			name = LaunchScreen.storyboard;
			sourceTree = "<group>";
		};
/* End PBXVariantGroup section */

/* Begin XCBuildConfiguration section */
		C45E0B6D28AEAFB4006087D6 /* Debug */ = {
			isa = XCBuildConfiguration;
			buildSettings = {
				ALWAYS_SEARCH_USER_PATHS = NO;
				CLANG_ANALYZER_NONNULL = YES;
				CLANG_ANALYZER_NUMBER_OBJECT_CONVERSION = YES_AGGRESSIVE;
				CLANG_CXX_LANGUAGE_STANDARD = "gnu++17";
				CLANG_ENABLE_MODULES = YES;
				CLANG_ENABLE_OBJC_ARC = YES;
				CLANG_ENABLE_OBJC_WEAK = YES;
				CLANG_WARN_BLOCK_CAPTURE_AUTORELEASING = YES;
				CLANG_WARN_BOOL_CONVERSION = YES;
				CLANG_WARN_COMMA = YES;
				CLANG_WARN_CONSTANT_CONVERSION = YES;
				CLANG_WARN_DEPRECATED_OBJC_IMPLEMENTATIONS = YES;
				CLANG_WARN_DIRECT_OBJC_ISA_USAGE = YES_ERROR;
				CLANG_WARN_DOCUMENTATION_COMMENTS = YES;
				CLANG_WARN_EMPTY_BODY = YES;
				CLANG_WARN_ENUM_CONVERSION = YES;
				CLANG_WARN_INFINITE_RECURSION = YES;
				CLANG_WARN_INT_CONVERSION = YES;
				CLANG_WARN_NON_LITERAL_NULL_CONVERSION = YES;
				CLANG_WARN_OBJC_IMPLICIT_RETAIN_SELF = YES;
				CLANG_WARN_OBJC_LITERAL_CONVERSION = YES;
				CLANG_WARN_OBJC_ROOT_CLASS = YES_ERROR;
				CLANG_WARN_QUOTED_INCLUDE_IN_FRAMEWORK_HEADER = YES;
				CLANG_WARN_RANGE_LOOP_ANALYSIS = YES;
				CLANG_WARN_STRICT_PROTOTYPES = YES;
				CLANG_WARN_SUSPICIOUS_MOVE = YES;
				CLANG_WARN_UNGUARDED_AVAILABILITY = YES_AGGRESSIVE;
				CLANG_WARN_UNREACHABLE_CODE = YES;
				CLANG_WARN__DUPLICATE_METHOD_MATCH = YES;
				COPY_PHASE_STRIP = NO;
				DEBUG_INFORMATION_FORMAT = dwarf;
				ENABLE_STRICT_OBJC_MSGSEND = YES;
				ENABLE_TESTABILITY = YES;
				GCC_C_LANGUAGE_STANDARD = gnu11;
				GCC_DYNAMIC_NO_PIC = NO;
				GCC_NO_COMMON_BLOCKS = YES;
				GCC_OPTIMIZATION_LEVEL = 0;
				GCC_PREPROCESSOR_DEFINITIONS = (
					"DEBUG=1",
					"$(inherited)",
				);
				GCC_WARN_64_TO_32_BIT_CONVERSION = YES;
				GCC_WARN_ABOUT_RETURN_TYPE = YES_ERROR;
				GCC_WARN_UNDECLARED_SELECTOR = YES;
				GCC_WARN_UNINITIALIZED_AUTOS = YES_AGGRESSIVE;
				GCC_WARN_UNUSED_FUNCTION = YES;
				GCC_WARN_UNUSED_VARIABLE = YES;
				IPHONEOS_DEPLOYMENT_TARGET = 15.5;
				MTL_ENABLE_DEBUG_INFO = INCLUDE_SOURCE;
				MTL_FAST_MATH = YES;
				ONLY_ACTIVE_ARCH = YES;
				SDKROOT = iphoneos;
				SWIFT_ACTIVE_COMPILATION_CONDITIONS = DEBUG;
				SWIFT_OPTIMIZATION_LEVEL = "-Onone";
			};
			name = Debug;
		};
		C45E0B6E28AEAFB4006087D6 /* Release */ = {
			isa = XCBuildConfiguration;
			buildSettings = {
				ALWAYS_SEARCH_USER_PATHS = NO;
				CLANG_ANALYZER_NONNULL = YES;
				CLANG_ANALYZER_NUMBER_OBJECT_CONVERSION = YES_AGGRESSIVE;
				CLANG_CXX_LANGUAGE_STANDARD = "gnu++17";
				CLANG_ENABLE_MODULES = YES;
				CLANG_ENABLE_OBJC_ARC = YES;
				CLANG_ENABLE_OBJC_WEAK = YES;
				CLANG_WARN_BLOCK_CAPTURE_AUTORELEASING = YES;
				CLANG_WARN_BOOL_CONVERSION = YES;
				CLANG_WARN_COMMA = YES;
				CLANG_WARN_CONSTANT_CONVERSION = YES;
				CLANG_WARN_DEPRECATED_OBJC_IMPLEMENTATIONS = YES;
				CLANG_WARN_DIRECT_OBJC_ISA_USAGE = YES_ERROR;
				CLANG_WARN_DOCUMENTATION_COMMENTS = YES;
				CLANG_WARN_EMPTY_BODY = YES;
				CLANG_WARN_ENUM_CONVERSION = YES;
				CLANG_WARN_INFINITE_RECURSION = YES;
				CLANG_WARN_INT_CONVERSION = YES;
				CLANG_WARN_NON_LITERAL_NULL_CONVERSION = YES;
				CLANG_WARN_OBJC_IMPLICIT_RETAIN_SELF = YES;
				CLANG_WARN_OBJC_LITERAL_CONVERSION = YES;
				CLANG_WARN_OBJC_ROOT_CLASS = YES_ERROR;
				CLANG_WARN_QUOTED_INCLUDE_IN_FRAMEWORK_HEADER = YES;
				CLANG_WARN_RANGE_LOOP_ANALYSIS = YES;
				CLANG_WARN_STRICT_PROTOTYPES = YES;
				CLANG_WARN_SUSPICIOUS_MOVE = YES;
				CLANG_WARN_UNGUARDED_AVAILABILITY = YES_AGGRESSIVE;
				CLANG_WARN_UNREACHABLE_CODE = YES;
				CLANG_WARN__DUPLICATE_METHOD_MATCH = YES;
				COPY_PHASE_STRIP = NO;
				DEBUG_INFORMATION_FORMAT = "dwarf-with-dsym";
				ENABLE_NS_ASSERTIONS = NO;
				ENABLE_STRICT_OBJC_MSGSEND = YES;
				GCC_C_LANGUAGE_STANDARD = gnu11;
				GCC_NO_COMMON_BLOCKS = YES;
				GCC_WARN_64_TO_32_BIT_CONVERSION = YES;
				GCC_WARN_ABOUT_RETURN_TYPE = YES_ERROR;
				GCC_WARN_UNDECLARED_SELECTOR = YES;
				GCC_WARN_UNINITIALIZED_AUTOS = YES_AGGRESSIVE;
				GCC_WARN_UNUSED_FUNCTION = YES;
				GCC_WARN_UNUSED_VARIABLE = YES;
				IPHONEOS_DEPLOYMENT_TARGET = 15.5;
				MTL_ENABLE_DEBUG_INFO = NO;
				MTL_FAST_MATH = YES;
				SDKROOT = iphoneos;
				SWIFT_COMPILATION_MODE = wholemodule;
				SWIFT_OPTIMIZATION_LEVEL = "-O";
				VALIDATE_PRODUCT = YES;
			};
			name = Release;
		};
		C45E0B7028AEAFB4006087D6 /* Debug */ = {
			isa = XCBuildConfiguration;
			buildSettings = {
				ASSETCATALOG_COMPILER_APPICON_NAME = AppIcon;
				ASSETCATALOG_COMPILER_GLOBAL_ACCENT_COLOR_NAME = AccentColor;
				CODE_SIGN_STYLE = Automatic;
				CURRENT_PROJECT_VERSION = 1;
				DEVELOPMENT_TEAM = 5XZHHC4623;
				GENERATE_INFOPLIST_FILE = YES;
				INFOPLIST_FILE = "Bankey-Swift/Info.plist";
				INFOPLIST_KEY_UIApplicationSupportsIndirectInputEvents = YES;
				INFOPLIST_KEY_UILaunchStoryboardName = LaunchScreen;
				INFOPLIST_KEY_UISupportedInterfaceOrientations_iPad = "UIInterfaceOrientationPortrait UIInterfaceOrientationPortraitUpsideDown UIInterfaceOrientationLandscapeLeft UIInterfaceOrientationLandscapeRight";
				INFOPLIST_KEY_UISupportedInterfaceOrientations_iPhone = "UIInterfaceOrientationPortrait UIInterfaceOrientationLandscapeLeft UIInterfaceOrientationLandscapeRight";
				LD_RUNPATH_SEARCH_PATHS = (
					"$(inherited)",
					"@executable_path/Frameworks",
				);
				MARKETING_VERSION = 1.0;
				PRODUCT_BUNDLE_IDENTIFIER = "com.hakkicansengonul.Bankey-Swift";
				PRODUCT_NAME = "$(TARGET_NAME)";
				SWIFT_EMIT_LOC_STRINGS = YES;
				SWIFT_VERSION = 5.0;
				TARGETED_DEVICE_FAMILY = "1,2";
			};
			name = Debug;
		};
		C45E0B7128AEAFB4006087D6 /* Release */ = {
			isa = XCBuildConfiguration;
			buildSettings = {
				ASSETCATALOG_COMPILER_APPICON_NAME = AppIcon;
				ASSETCATALOG_COMPILER_GLOBAL_ACCENT_COLOR_NAME = AccentColor;
				CODE_SIGN_STYLE = Automatic;
				CURRENT_PROJECT_VERSION = 1;
				DEVELOPMENT_TEAM = 5XZHHC4623;
				GENERATE_INFOPLIST_FILE = YES;
				INFOPLIST_FILE = "Bankey-Swift/Info.plist";
				INFOPLIST_KEY_UIApplicationSupportsIndirectInputEvents = YES;
				INFOPLIST_KEY_UILaunchStoryboardName = LaunchScreen;
				INFOPLIST_KEY_UISupportedInterfaceOrientations_iPad = "UIInterfaceOrientationPortrait UIInterfaceOrientationPortraitUpsideDown UIInterfaceOrientationLandscapeLeft UIInterfaceOrientationLandscapeRight";
				INFOPLIST_KEY_UISupportedInterfaceOrientations_iPhone = "UIInterfaceOrientationPortrait UIInterfaceOrientationLandscapeLeft UIInterfaceOrientationLandscapeRight";
				LD_RUNPATH_SEARCH_PATHS = (
					"$(inherited)",
					"@executable_path/Frameworks",
				);
				MARKETING_VERSION = 1.0;
				PRODUCT_BUNDLE_IDENTIFIER = "com.hakkicansengonul.Bankey-Swift";
				PRODUCT_NAME = "$(TARGET_NAME)";
				SWIFT_EMIT_LOC_STRINGS = YES;
				SWIFT_VERSION = 5.0;
				TARGETED_DEVICE_FAMILY = "1,2";
			};
			name = Release;
		};
/* End XCBuildConfiguration section */

/* Begin XCConfigurationList section */
		C45E0B5628AEAFB3006087D6 /* Build configuration list for PBXProject "Bankey-Swift" */ = {
			isa = XCConfigurationList;
			buildConfigurations = (
				C45E0B6D28AEAFB4006087D6 /* Debug */,
				C45E0B6E28AEAFB4006087D6 /* Release */,
			);
			defaultConfigurationIsVisible = 0;
			defaultConfigurationName = Release;
		};
		C45E0B6F28AEAFB4006087D6 /* Build configuration list for PBXNativeTarget "Bankey-Swift" */ = {
			isa = XCConfigurationList;
			buildConfigurations = (
				C45E0B7028AEAFB4006087D6 /* Debug */,
				C45E0B7128AEAFB4006087D6 /* Release */,
			);
			defaultConfigurationIsVisible = 0;
			defaultConfigurationName = Release;
		};
/* End XCConfigurationList section */
	};
	rootObject = C45E0B5328AEAFB3006087D6 /* Project object */;
}
